
Microsoft Visual Studio Solution File, Format Version 12.00
# Visual Studio Version 17
VisualStudioVersion = 17.5.33516.290
MinimumVisualStudioVersion = 10.0.40219.1
Project("{FAE04EC0-301F-11D3-BF4B-00C04F79EFBC}") = "ToDoList_API", "ToDoList_API.csproj", "{B85072B9-0658-4C86-9472-7C5D42EE59D5}"
EndProject
Global
	GlobalSection(SolutionConfigurationPlatforms) = preSolution
		Debug|Any CPU = Debug|Any CPU
		Release|Any CPU = Release|Any CPU
	EndGlobalSection
	GlobalSection(ProjectConfigurationPlatforms) = postSolution
		{B85072B9-0658-4C86-9472-7C5D42EE59D5}.Debug|Any CPU.ActiveCfg = Debug|Any CPU
		{B85072B9-0658-4C86-9472-7C5D42EE59D5}.Debug|Any CPU.Build.0 = Debug|Any CPU
		{B85072B9-0658-4C86-9472-7C5D42EE59D5}.Release|Any CPU.ActiveCfg = Release|Any CPU
		{B85072B9-0658-4C86-9472-7C5D42EE59D5}.Release|Any CPU.Build.0 = Release|Any CPU
	EndGlobalSection
	GlobalSection(SolutionProperties) = preSolution
		HideSolutionNode = FALSE
	EndGlobalSection
	GlobalSection(ExtensibilityGlobals) = postSolution
		SolutionGuid = {6CBD9B8A-92F9-42F2-81D3-0336A6707B2C}
	EndGlobalSection
EndGlobal
